// !$*UTF8*$!
{
	archiveVersion = 1;
	classes = {
	};
	objectVersion = 50;
	objects = {

/* Begin PBXBuildFile section */
		529E3CD12175DD1B003940C9 /* Opening.swift in Sources */ = {isa = PBXBuildFile; fileRef = 529E3CD02175DD1B003940C9 /* Opening.swift */; };
		52BE90262174887F0056AC24 /* AppDelegate.swift in Sources */ = {isa = PBXBuildFile; fileRef = 52BE90252174887F0056AC24 /* AppDelegate.swift */; };
		52BE90282174887F0056AC24 /* ViewController.swift in Sources */ = {isa = PBXBuildFile; fileRef = 52BE90272174887F0056AC24 /* ViewController.swift */; };
		52BE902B2174887F0056AC24 /* Main.storyboard in Resources */ = {isa = PBXBuildFile; fileRef = 52BE90292174887F0056AC24 /* Main.storyboard */; };
		52BE902E2174887F0056AC24 /* Music.xcdatamodeld in Sources */ = {isa = PBXBuildFile; fileRef = 52BE902C2174887F0056AC24 /* Music.xcdatamodeld */; };
		52BE90302174887F0056AC24 /* Assets.xcassets in Resources */ = {isa = PBXBuildFile; fileRef = 52BE902F2174887F0056AC24 /* Assets.xcassets */; };
		52BE90332174887F0056AC24 /* LaunchScreen.storyboard in Resources */ = {isa = PBXBuildFile; fileRef = 52BE90312174887F0056AC24 /* LaunchScreen.storyboard */; };
		52BE903E2174887F0056AC24 /* MusicTests.swift in Sources */ = {isa = PBXBuildFile; fileRef = 52BE903D2174887F0056AC24 /* MusicTests.swift */; };
		52BE90492174887F0056AC24 /* MusicUITests.swift in Sources */ = {isa = PBXBuildFile; fileRef = 52BE90482174887F0056AC24 /* MusicUITests.swift */; };
/* End PBXBuildFile section */

/* Begin PBXContainerItemProxy section */
		52BE903A2174887F0056AC24 /* PBXContainerItemProxy */ = {
			isa = PBXContainerItemProxy;
			containerPortal = 52BE901A2174887F0056AC24 /* Project object */;
			proxyType = 1;
			remoteGlobalIDString = 52BE90212174887F0056AC24;
			remoteInfo = Music;
		};
		52BE90452174887F0056AC24 /* PBXContainerItemProxy */ = {
			isa = PBXContainerItemProxy;
			containerPortal = 52BE901A2174887F0056AC24 /* Project object */;
			proxyType = 1;
			remoteGlobalIDString = 52BE90212174887F0056AC24;
			remoteInfo = Music;
		};
/* End PBXContainerItemProxy section */

/* Begin PBXFileReference section */
		529E3CD02175DD1B003940C9 /* Opening.swift */ = {isa = PBXFileReference; lastKnownFileType = sourcecode.swift; path = Opening.swift; sourceTree = "<group>"; };
		52BE90222174887F0056AC24 /* Music.app */ = {isa = PBXFileReference; explicitFileType = wrapper.application; includeInIndex = 0; path = Music.app; sourceTree = BUILT_PRODUCTS_DIR; };
		52BE90252174887F0056AC24 /* AppDelegate.swift */ = {isa = PBXFileReference; lastKnownFileType = sourcecode.swift; path = AppDelegate.swift; sourceTree = "<group>"; };
		52BE90272174887F0056AC24 /* ViewController.swift */ = {isa = PBXFileReference; lastKnownFileType = sourcecode.swift; path = ViewController.swift; sourceTree = "<group>"; };
		52BE902A2174887F0056AC24 /* Base */ = {isa = PBXFileReference; lastKnownFileType = file.storyboard; name = Base; path = Base.lproj/Main.storyboard; sourceTree = "<group>"; };
		52BE902D2174887F0056AC24 /* Music.xcdatamodel */ = {isa = PBXFileReference; lastKnownFileType = wrapper.xcdatamodel; path = Music.xcdatamodel; sourceTree = "<group>"; };
		52BE902F2174887F0056AC24 /* Assets.xcassets */ = {isa = PBXFileReference; lastKnownFileType = folder.assetcatalog; path = Assets.xcassets; sourceTree = "<group>"; };
		52BE90322174887F0056AC24 /* Base */ = {isa = PBXFileReference; lastKnownFileType = file.storyboard; name = Base; path = Base.lproj/LaunchScreen.storyboard; sourceTree = "<group>"; };
		52BE90342174887F0056AC24 /* Info.plist */ = {isa = PBXFileReference; lastKnownFileType = text.plist.xml; path = Info.plist; sourceTree = "<group>"; };
		52BE90392174887F0056AC24 /* MusicTests.xctest */ = {isa = PBXFileReference; explicitFileType = wrapper.cfbundle; includeInIndex = 0; path = MusicTests.xctest; sourceTree = BUILT_PRODUCTS_DIR; };
		52BE903D2174887F0056AC24 /* MusicTests.swift */ = {isa = PBXFileReference; lastKnownFileType = sourcecode.swift; path = MusicTests.swift; sourceTree = "<group>"; };
		52BE903F2174887F0056AC24 /* Info.plist */ = {isa = PBXFileReference; lastKnownFileType = text.plist.xml; path = Info.plist; sourceTree = "<group>"; };
		52BE90442174887F0056AC24 /* MusicUITests.xctest */ = {isa = PBXFileReference; explicitFileType = wrapper.cfbundle; includeInIndex = 0; path = MusicUITests.xctest; sourceTree = BUILT_PRODUCTS_DIR; };
		52BE90482174887F0056AC24 /* MusicUITests.swift */ = {isa = PBXFileReference; lastKnownFileType = sourcecode.swift; path = MusicUITests.swift; sourceTree = "<group>"; };
		52BE904A2174887F0056AC24 /* Info.plist */ = {isa = PBXFileReference; lastKnownFileType = text.plist.xml; path = Info.plist; sourceTree = "<group>"; };
/* End PBXFileReference section */

/* Begin PBXFrameworksBuildPhase section */
		52BE901F2174887F0056AC24 /* Frameworks */ = {
			isa = PBXFrameworksBuildPhase;
			buildActionMask = 2147483647;
			files = (
			);
			runOnlyForDeploymentPostprocessing = 0;
		};
		52BE90362174887F0056AC24 /* Frameworks */ = {
			isa = PBXFrameworksBuildPhase;
			buildActionMask = 2147483647;
			files = (
			);
			runOnlyForDeploymentPostprocessing = 0;
		};
		52BE90412174887F0056AC24 /* Frameworks */ = {
			isa = PBXFrameworksBuildPhase;
			buildActionMask = 2147483647;
			files = (
			);
			runOnlyForDeploymentPostprocessing = 0;
		};
/* End PBXFrameworksBuildPhase section */

/* Begin PBXGroup section */
		52BE90192174887F0056AC24 = {
			isa = PBXGroup;
			children = (
				52BE90242174887F0056AC24 /* Music */,
				52BE903C2174887F0056AC24 /* MusicTests */,
				52BE90472174887F0056AC24 /* MusicUITests */,
				52BE90232174887F0056AC24 /* Products */,
			);
			sourceTree = "<group>";
		};
		52BE90232174887F0056AC24 /* Products */ = {
			isa = PBXGroup;
			children = (
				52BE90222174887F0056AC24 /* Music.app */,
				52BE90392174887F0056AC24 /* MusicTests.xctest */,
				52BE90442174887F0056AC24 /* MusicUITests.xctest */,
			);
			name = Products;
			sourceTree = "<group>";
		};
		52BE90242174887F0056AC24 /* Music */ = {
			isa = PBXGroup;
			children = (
				52BE90252174887F0056AC24 /* AppDelegate.swift */,
				52BE90272174887F0056AC24 /* ViewController.swift */,
				52BE90292174887F0056AC24 /* Main.storyboard */,
				529E3CD02175DD1B003940C9 /* Opening.swift */,
				52BE902F2174887F0056AC24 /* Assets.xcassets */,
				52BE90312174887F0056AC24 /* LaunchScreen.storyboard */,
				52BE90342174887F0056AC24 /* Info.plist */,
				52BE902C2174887F0056AC24 /* Music.xcdatamodeld */,
			);
			path = Music;
			sourceTree = "<group>";
		};
		52BE903C2174887F0056AC24 /* MusicTests */ = {
			isa = PBXGroup;
			children = (
				52BE903D2174887F0056AC24 /* MusicTests.swift */,
				52BE903F2174887F0056AC24 /* Info.plist */,
			);
			path = MusicTests;
			sourceTree = "<group>";
		};
		52BE90472174887F0056AC24 /* MusicUITests */ = {
			isa = PBXGroup;
			children = (
				52BE90482174887F0056AC24 /* MusicUITests.swift */,
				52BE904A2174887F0056AC24 /* Info.plist */,
			);
			path = MusicUITests;
			sourceTree = "<group>";
		};
/* End PBXGroup section */

/* Begin PBXNativeTarget section */
		52BE90212174887F0056AC24 /* Music */ = {
			isa = PBXNativeTarget;
			buildConfigurationList = 52BE904D2174887F0056AC24 /* Build configuration list for PBXNativeTarget "Music" */;
			buildPhases = (
				52BE901E2174887F0056AC24 /* Sources */,
				52BE901F2174887F0056AC24 /* Frameworks */,
				52BE90202174887F0056AC24 /* Resources */,
			);
			buildRules = (
			);
			dependencies = (
			);
			name = Music;
			productName = Music;
			productReference = 52BE90222174887F0056AC24 /* Music.app */;
			productType = "com.apple.product-type.application";
		};
		52BE90382174887F0056AC24 /* MusicTests */ = {
			isa = PBXNativeTarget;
			buildConfigurationList = 52BE90502174887F0056AC24 /* Build configuration list for PBXNativeTarget "MusicTests" */;
			buildPhases = (
				52BE90352174887F0056AC24 /* Sources */,
				52BE90362174887F0056AC24 /* Frameworks */,
				52BE90372174887F0056AC24 /* Resources */,
			);
			buildRules = (
			);
			dependencies = (
				52BE903B2174887F0056AC24 /* PBXTargetDependency */,
			);
			name = MusicTests;
			productName = MusicTests;
			productReference = 52BE90392174887F0056AC24 /* MusicTests.xctest */;
			productType = "com.apple.product-type.bundle.unit-test";
		};
		52BE90432174887F0056AC24 /* MusicUITests */ = {
			isa = PBXNativeTarget;
			buildConfigurationList = 52BE90532174887F0056AC24 /* Build configuration list for PBXNativeTarget "MusicUITests" */;
			buildPhases = (
				52BE90402174887F0056AC24 /* Sources */,
				52BE90412174887F0056AC24 /* Frameworks */,
				52BE90422174887F0056AC24 /* Resources */,
			);
			buildRules = (
			);
			dependencies = (
				52BE90462174887F0056AC24 /* PBXTargetDependency */,
			);
			name = MusicUITests;
			productName = MusicUITests;
			productReference = 52BE90442174887F0056AC24 /* MusicUITests.xctest */;
			productType = "com.apple.product-type.bundle.ui-testing";
		};
/* End PBXNativeTarget section */

/* Begin PBXProject section */
		52BE901A2174887F0056AC24 /* Project object */ = {
			isa = PBXProject;
			attributes = {
				LastSwiftUpdateCheck = 1000;
				LastUpgradeCheck = 1000;
				ORGANIZATIONNAME = VladislavSena;
				TargetAttributes = {
					52BE90212174887F0056AC24 = {
						CreatedOnToolsVersion = 10.0;
					};
					52BE90382174887F0056AC24 = {
						CreatedOnToolsVersion = 10.0;
						TestTargetID = 52BE90212174887F0056AC24;
					};
					52BE90432174887F0056AC24 = {
						CreatedOnToolsVersion = 10.0;
						TestTargetID = 52BE90212174887F0056AC24;
					};
				};
			};
			buildConfigurationList = 52BE901D2174887F0056AC24 /* Build configuration list for PBXProject "Music" */;
			compatibilityVersion = "Xcode 9.3";
			developmentRegion = en;
			hasScannedForEncodings = 0;
			knownRegions = (
				en,
				Base,
			);
			mainGroup = 52BE90192174887F0056AC24;
			productRefGroup = 52BE90232174887F0056AC24 /* Products */;
			projectDirPath = "";
			projectRoot = "";
			targets = (
				52BE90212174887F0056AC24 /* Music */,
				52BE90382174887F0056AC24 /* MusicTests */,
				52BE90432174887F0056AC24 /* MusicUITests */,
			);
		};
/* End PBXProject section */

/* Begin PBXResourcesBuildPhase section */
		52BE90202174887F0056AC24 /* Resources */ = {
			isa = PBXResourcesBuildPhase;
			buildActionMask = 2147483647;
			files = (
				52BE90332174887F0056AC24 /* LaunchScreen.storyboard in Resources */,
				52BE90302174887F0056AC24 /* Assets.xcassets in Resources */,
				52BE902B2174887F0056AC24 /* Main.storyboard in Resources */,
			);
			runOnlyForDeploymentPostprocessing = 0;
		};
		52BE90372174887F0056AC24 /* Resources */ = {
			isa = PBXResourcesBuildPhase;
			buildActionMask = 2147483647;
			files = (
			);
			runOnlyForDeploymentPostprocessing = 0;
		};
		52BE90422174887F0056AC24 /* Resources */ = {
			isa = PBXResourcesBuildPhase;
			buildActionMask = 2147483647;
			files = (
			);
			runOnlyForDeploymentPostprocessing = 0;
		};
/* End PBXResourcesBuildPhase section */

/* Begin PBXSourcesBuildPhase section */
		52BE901E2174887F0056AC24 /* Sources */ = {
			isa = PBXSourcesBuildPhase;
			buildActionMask = 2147483647;
			files = (
				529E3CD12175DD1B003940C9 /* Opening.swift in Sources */,
				52BE90282174887F0056AC24 /* ViewController.swift in Sources */,
				52BE90262174887F0056AC24 /* AppDelegate.swift in Sources */,
				52BE902E2174887F0056AC24 /* Music.xcdatamodeld in Sources */,
			);
			runOnlyForDeploymentPostprocessing = 0;
		};
		52BE90352174887F0056AC24 /* Sources */ = {
			isa = PBXSourcesBuildPhase;
			buildActionMask = 2147483647;
			files = (
				52BE903E2174887F0056AC24 /* MusicTests.swift in Sources */,
			);
			runOnlyForDeploymentPostprocessing = 0;
		};
		52BE90402174887F0056AC24 /* Sources */ = {
			isa = PBXSourcesBuildPhase;
			buildActionMask = 2147483647;
			files = (
				52BE90492174887F0056AC24 /* MusicUITests.swift in Sources */,
			);
			runOnlyForDeploymentPostprocessing = 0;
		};
/* End PBXSourcesBuildPhase section */

/* Begin PBXTargetDependency section */
		52BE903B2174887F0056AC24 /* PBXTargetDependency */ = {
			isa = PBXTargetDependency;
			target = 52BE90212174887F0056AC24 /* Music */;
			targetProxy = 52BE903A2174887F0056AC24 /* PBXContainerItemProxy */;
		};
		52BE90462174887F0056AC24 /* PBXTargetDependency */ = {
			isa = PBXTargetDependency;
			target = 52BE90212174887F0056AC24 /* Music */;
			targetProxy = 52BE90452174887F0056AC24 /* PBXContainerItemProxy */;
		};
/* End PBXTargetDependency section */

/* Begin PBXVariantGroup section */
		52BE90292174887F0056AC24 /* Main.storyboard */ = {
			isa = PBXVariantGroup;
			children = (
				52BE902A2174887F0056AC24 /* Base */,
			);
			name = Main.storyboard;
			sourceTree = "<group>";
		};
		52BE90312174887F0056AC24 /* LaunchScreen.storyboard */ = {
			isa = PBXVariantGroup;
			children = (
				52BE90322174887F0056AC24 /* Base */,
			);
			name = LaunchScreen.storyboard;
			sourceTree = "<group>";
		};
/* End PBXVariantGroup section */

/* Begin XCBuildConfiguration section */
		52BE904B2174887F0056AC24 /* Debug */ = {
			isa = XCBuildConfiguration;
			buildSettings = {
				ALWAYS_SEARCH_USER_PATHS = NO;
				CLANG_ANALYZER_NONNULL = YES;
				CLANG_ANALYZER_NUMBER_OBJECT_CONVERSION = YES_AGGRESSIVE;
				CLANG_CXX_LANGUAGE_STANDARD = "gnu++14";
				CLANG_CXX_LIBRARY = "libc++";
				CLANG_ENABLE_MODULES = YES;
				CLANG_ENABLE_OBJC_ARC = YES;
				CLANG_ENABLE_OBJC_WEAK = YES;
				CLANG_WARN_BLOCK_CAPTURE_AUTORELEASING = YES;
				CLANG_WARN_BOOL_CONVERSION = YES;
				CLANG_WARN_COMMA = YES;
				CLANG_WARN_CONSTANT_CONVERSION = YES;
				CLANG_WARN_DEPRECATED_OBJC_IMPLEMENTATIONS = YES;
				CLANG_WARN_DIRECT_OBJC_ISA_USAGE = YES_ERROR;
				CLANG_WARN_DOCUMENTATION_COMMENTS = YES;
				CLANG_WARN_EMPTY_BODY = YES;
				CLANG_WARN_ENUM_CONVERSION = YES;
				CLANG_WARN_INFINITE_RECURSION = YES;
				CLANG_WARN_INT_CONVERSION = YES;
				CLANG_WARN_NON_LITERAL_NULL_CONVERSION = YES;
				CLANG_WARN_OBJC_IMPLICIT_RETAIN_SELF = YES;
				CLANG_WARN_OBJC_LITERAL_CONVERSION = YES;
				CLANG_WARN_OBJC_ROOT_CLASS = YES_ERROR;
				CLANG_WARN_RANGE_LOOP_ANALYSIS = YES;
				CLANG_WARN_STRICT_PROTOTYPES = YES;
				CLANG_WARN_SUSPICIOUS_MOVE = YES;
				CLANG_WARN_UNGUARDED_AVAILABILITY = YES_AGGRESSIVE;
				CLANG_WARN_UNREACHABLE_CODE = YES;
				CLANG_WARN__DUPLICATE_METHOD_MATCH = YES;
				CODE_SIGN_IDENTITY = "iPhone Developer";
				COPY_PHASE_STRIP = NO;
				DEBUG_INFORMATION_FORMAT = dwarf;
				ENABLE_STRICT_OBJC_MSGSEND = YES;
				ENABLE_TESTABILITY = YES;
				GCC_C_LANGUAGE_STANDARD = gnu11;
				GCC_DYNAMIC_NO_PIC = NO;
				GCC_NO_COMMON_BLOCKS = YES;
				GCC_OPTIMIZATION_LEVEL = 0;
				GCC_PREPROCESSOR_DEFINITIONS = (
					"DEBUG=1",
					"$(inherited)",
				);
				GCC_WARN_64_TO_32_BIT_CONVERSION = YES;
				GCC_WARN_ABOUT_RETURN_TYPE = YES_ERROR;
				GCC_WARN_UNDECLARED_SELECTOR = YES;
				GCC_WARN_UNINITIALIZED_AUTOS = YES_AGGRESSIVE;
				GCC_WARN_UNUSED_FUNCTION = YES;
				GCC_WARN_UNUSED_VARIABLE = YES;
				IPHONEOS_DEPLOYMENT_TARGET = 12.0;
				MTL_ENABLE_DEBUG_INFO = INCLUDE_SOURCE;
				MTL_FAST_MATH = YES;
				ONLY_ACTIVE_ARCH = YES;
				SDKROOT = iphoneos;
				SWIFT_ACTIVE_COMPILATION_CONDITIONS = DEBUG;
				SWIFT_OPTIMIZATION_LEVEL = "-Onone";
			};
			name = Debug;
		};
		52BE904C2174887F0056AC24 /* Release */ = {
			isa = XCBuildConfiguration;
			buildSettings = {
				ALWAYS_SEARCH_USER_PATHS = NO;
				CLANG_ANALYZER_NONNULL = YES;
				CLANG_ANALYZER_NUMBER_OBJECT_CONVERSION = YES_AGGRESSIVE;
				CLANG_CXX_LANGUAGE_STANDARD = "gnu++14";
				CLANG_CXX_LIBRARY = "libc++";
				CLANG_ENABLE_MODULES = YES;
				CLANG_ENABLE_OBJC_ARC = YES;
				CLANG_ENABLE_OBJC_WEAK = YES;
				CLANG_WARN_BLOCK_CAPTURE_AUTORELEASING = YES;
				CLANG_WARN_BOOL_CONVERSION = YES;
				CLANG_WARN_COMMA = YES;
				CLANG_WARN_CONSTANT_CONVERSION = YES;
				CLANG_WARN_DEPRECATED_OBJC_IMPLEMENTATIONS = YES;
				CLANG_WARN_DIRECT_OBJC_ISA_USAGE = YES_ERROR;
				CLANG_WARN_DOCUMENTATION_COMMENTS = YES;
				CLANG_WARN_EMPTY_BODY = YES;
				CLANG_WARN_ENUM_CONVERSION = YES;
				CLANG_WARN_INFINITE_RECURSION = YES;
				CLANG_WARN_INT_CONVERSION = YES;
				CLANG_WARN_NON_LITERAL_NULL_CONVERSION = YES;
				CLANG_WARN_OBJC_IMPLICIT_RETAIN_SELF = YES;
				CLANG_WARN_OBJC_LITERAL_CONVERSION = YES;
				CLANG_WARN_OBJC_ROOT_CLASS = YES_ERROR;
				CLANG_WARN_RANGE_LOOP_ANALYSIS = YES;
				CLANG_WARN_STRICT_PROTOTYPES = YES;
				CLANG_WARN_SUSPICIOUS_MOVE = YES;
				CLANG_WARN_UNGUARDED_AVAILABILITY = YES_AGGRESSIVE;
				CLANG_WARN_UNREACHABLE_CODE = YES;
				CLANG_WARN__DUPLICATE_METHOD_MATCH = YES;
				CODE_SIGN_IDENTITY = "iPhone Developer";
				COPY_PHASE_STRIP = NO;
				DEBUG_INFORMATION_FORMAT = "dwarf-with-dsym";
				ENABLE_NS_ASSERTIONS = NO;
				ENABLE_STRICT_OBJC_MSGSEND = YES;
				GCC_C_LANGUAGE_STANDARD = gnu11;
				GCC_NO_COMMON_BLOCKS = YES;
				GCC_WARN_64_TO_32_BIT_CONVERSION = YES;
				GCC_WARN_ABOUT_RETURN_TYPE = YES_ERROR;
				GCC_WARN_UNDECLARED_SELECTOR = YES;
				GCC_WARN_UNINITIALIZED_AUTOS = YES_AGGRESSIVE;
				GCC_WARN_UNUSED_FUNCTION = YES;
				GCC_WARN_UNUSED_VARIABLE = YES;
				IPHONEOS_DEPLOYMENT_TARGET = 12.0;
				MTL_ENABLE_DEBUG_INFO = NO;
				MTL_FAST_MATH = YES;
				SDKROOT = iphoneos;
				SWIFT_COMPILATION_MODE = wholemodule;
				SWIFT_OPTIMIZATION_LEVEL = "-O";
				VALIDATE_PRODUCT = YES;
			};
			name = Release;
		};
		52BE904E2174887F0056AC24 /* Debug */ = {
			isa = XCBuildConfiguration;
			buildSettings = {
				ASSETCATALOG_COMPILER_APPICON_NAME = AppIcon;
				CODE_SIGN_STYLE = Automatic;
				DEVELOPMENT_TEAM = M4E2PFUB98;
				INFOPLIST_FILE = Music/Info.plist;
				LD_RUNPATH_SEARCH_PATHS = (
					"$(inherited)",
					"@executable_path/Frameworks",
				);
				PRODUCT_BUNDLE_IDENTIFIER = com.VS.Music;
				PRODUCT_NAME = "$(TARGET_NAME)";
				SWIFT_VERSION = 4.2;
				TARGETED_DEVICE_FAMILY = "1,2";
			};
			name = Debug;
		};
		52BE904F2174887F0056AC24 /* Release */ = {
			isa = XCBuildConfiguration;
			buildSettings = {
				ASSETCATALOG_COMPILER_APPICON_NAME = AppIcon;
				CODE_SIGN_STYLE = Automatic;
				DEVELOPMENT_TEAM = M4E2PFUB98;
				INFOPLIST_FILE = Music/Info.plist;
				LD_RUNPATH_SEARCH_PATHS = (
					"$(inherited)",
					"@executable_path/Frameworks",
				);
				PRODUCT_BUNDLE_IDENTIFIER = com.VS.Music;
				PRODUCT_NAME = "$(TARGET_NAME)";
				SWIFT_VERSION = 4.2;
				TARGETED_DEVICE_FAMILY = "1,2";
			};
			name = Release;
		};
		52BE90512174887F0056AC24 /* Debug */ = {
			isa = XCBuildConfiguration;
			buildSettings = {
				ALWAYS_EMBED_SWIFT_STANDARD_LIBRARIES = YES;
				BUNDLE_LOADER = "$(TEST_HOST)";
				CODE_SIGN_STYLE = Automatic;
				INFOPLIST_FILE = MusicTests/Info.plist;
				LD_RUNPATH_SEARCH_PATHS = (
					"$(inherited)",
					"@executable_path/Frameworks",
					"@loader_path/Frameworks",
				);
				PRODUCT_BUNDLE_IDENTIFIER = com.VS.MusicTests;
				PRODUCT_NAME = "$(TARGET_NAME)";
				SWIFT_VERSION = 4.2;
				TARGETED_DEVICE_FAMILY = "1,2";
				TEST_HOST = "$(BUILT_PRODUCTS_DIR)/Music.app/Music";
			};
			name = Debug;
		};
		52BE90522174887F0056AC24 /* Release */ = {
			isa = XCBuildConfiguration;
			buildSettings = {
				ALWAYS_EMBED_SWIFT_STANDARD_LIBRARIES = YES;
				BUNDLE_LOADER = "$(TEST_HOST)";
				CODE_SIGN_STYLE = Automatic;
				INFOPLIST_FILE = MusicTests/Info.plist;
				LD_RUNPATH_SEARCH_PATHS = (
					"$(inherited)",
					"@executable_path/Frameworks",
					"@loader_path/Frameworks",
				);
				PRODUCT_BUNDLE_IDENTIFIER = com.VS.MusicTests;
				PRODUCT_NAME = "$(TARGET_NAME)";
				SWIFT_VERSION = 4.2;
				TARGETED_DEVICE_FAMILY = "1,2";
				TEST_HOST = "$(BUILT_PRODUCTS_DIR)/Music.app/Music";
			};
			name = Release;
		};
		52BE90542174887F0056AC24 /* Debug */ = {
			isa = XCBuildConfiguration;
			buildSettings = {
				ALWAYS_EMBED_SWIFT_STANDARD_LIBRARIES = YES;
				CODE_SIGN_STYLE = Automatic;
				INFOPLIST_FILE = MusicUITests/Info.plist;
				LD_RUNPATH_SEARCH_PATHS = (
					"$(inherited)",
					"@executable_path/Frameworks",
					"@loader_path/Frameworks",
				);
				PRODUCT_BUNDLE_IDENTIFIER = com.VS.MusicUITests;
				PRODUCT_NAME = "$(TARGET_NAME)";
				SWIFT_VERSION = 4.2;
				TARGETED_DEVICE_FAMILY = "1,2";
				TEST_TARGET_NAME = Music;
			};
			name = Debug;
		};
		52BE90552174887F0056AC24 /* Release */ = {
			isa = XCBuildConfiguration;
			buildSettings = {
				ALWAYS_EMBED_SWIFT_STANDARD_LIBRARIES = YES;
				CODE_SIGN_STYLE = Automatic;
				INFOPLIST_FILE = MusicUITests/Info.plist;
				LD_RUNPATH_SEARCH_PATHS = (
					"$(inherited)",
					"@executable_path/Frameworks",
					"@loader_path/Frameworks",
				);
				PRODUCT_BUNDLE_IDENTIFIER = com.VS.MusicUITests;
				PRODUCT_NAME = "$(TARGET_NAME)";
				SWIFT_VERSION = 4.2;
				TARGETED_DEVICE_FAMILY = "1,2";
				TEST_TARGET_NAME = Music;
			};
			name = Release;
		};
/* End XCBuildConfiguration section */

/* Begin XCConfigurationList section */
		52BE901D2174887F0056AC24 /* Build configuration list for PBXProject "Music" */ = {
			isa = XCConfigurationList;
			buildConfigurations = (
				52BE904B2174887F0056AC24 /* Debug */,
				52BE904C2174887F0056AC24 /* Release */,
			);
			defaultConfigurationIsVisible = 0;
			defaultConfigurationName = Release;
		};
		52BE904D2174887F0056AC24 /* Build configuration list for PBXNativeTarget "Music" */ = {
			isa = XCConfigurationList;
			buildConfigurations = (
				52BE904E2174887F0056AC24 /* Debug */,
				52BE904F2174887F0056AC24 /* Release */,
			);
			defaultConfigurationIsVisible = 0;
			defaultConfigurationName = Release;
		};
		52BE90502174887F0056AC24 /* Build configuration list for PBXNativeTarget "MusicTests" */ = {
			isa = XCConfigurationList;
			buildConfigurations = (
				52BE90512174887F0056AC24 /* Debug */,
				52BE90522174887F0056AC24 /* Release */,
			);
			defaultConfigurationIsVisible = 0;
			defaultConfigurationName = Release;
		};
		52BE90532174887F0056AC24 /* Build configuration list for PBXNativeTarget "MusicUITests" */ = {
			isa = XCConfigurationList;
			buildConfigurations = (
				52BE90542174887F0056AC24 /* Debug */,
				52BE90552174887F0056AC24 /* Release */,
			);
			defaultConfigurationIsVisible = 0;
			defaultConfigurationName = Release;
		};
/* End XCConfigurationList section */

/* Begin XCVersionGroup section */
		52BE902C2174887F0056AC24 /* Music.xcdatamodeld */ = {
			isa = XCVersionGroup;
			children = (
				52BE902D2174887F0056AC24 /* Music.xcdatamodel */,
			);
			currentVersion = 52BE902D2174887F0056AC24 /* Music.xcdatamodel */;
			path = Music.xcdatamodeld;
			sourceTree = "<group>";
			versionGroupType = wrapper.xcdatamodel;
		};
/* End XCVersionGroup section */
	};
	rootObject = 52BE901A2174887F0056AC24 /* Project object */;
}
